// !$*UTF8*$!
{
	archiveVersion = 1;
	classes = {
	};
	objectVersion = 60;
	objects = {

/* Begin PBXBuildFile section */
		A504A2FE2A4857FA002197BD /* TransientStatusNew.swift in Sources */ = {isa = PBXBuildFile; fileRef = A504A2FD2A4857FA002197BD /* TransientStatusNew.swift */; };
		A5083B902A45C04600B3093E /* RaspisanNavigationView.swift in Sources */ = {isa = PBXBuildFile; fileRef = A5083B8F2A45C04600B3093E /* RaspisanNavigationView.swift */; };
		A5083B922A45C14600B3093E /* LMSView.swift in Sources */ = {isa = PBXBuildFile; fileRef = A5083B912A45C14600B3093E /* LMSView.swift */; };
		A54276872A4387A700EA537C /* RaspisanView.swift in Sources */ = {isa = PBXBuildFile; fileRef = A54276862A4387A700EA537C /* RaspisanView.swift */; };
		A578094F2A3E4B9E00B7AF6B /* raspisansuApp.swift in Sources */ = {isa = PBXBuildFile; fileRef = A578094E2A3E4B9E00B7AF6B /* raspisansuApp.swift */; };
		A57809512A3E4B9E00B7AF6B /* ContentView.swift in Sources */ = {isa = PBXBuildFile; fileRef = A57809502A3E4B9E00B7AF6B /* ContentView.swift */; };
		A57809532A3E4BA000B7AF6B /* Assets.xcassets in Resources */ = {isa = PBXBuildFile; fileRef = A57809522A3E4BA000B7AF6B /* Assets.xcassets */; };
		A57809562A3E4BA000B7AF6B /* Preview Assets.xcassets in Resources */ = {isa = PBXBuildFile; fileRef = A57809552A3E4BA000B7AF6B /* Preview Assets.xcassets */; };
		A57809682A3E56D500B7AF6B /* SchedulesModel.swift in Sources */ = {isa = PBXBuildFile; fileRef = A57809672A3E56D500B7AF6B /* SchedulesModel.swift */; };
		A578096B2A3E57F300B7AF6B /* DayView.swift in Sources */ = {isa = PBXBuildFile; fileRef = A578096A2A3E57F300B7AF6B /* DayView.swift */; };
		A578096D2A3E601200B7AF6B /* LessonView.swift in Sources */ = {isa = PBXBuildFile; fileRef = A578096C2A3E601200B7AF6B /* LessonView.swift */; };
		A57809702A3F112700B7AF6B /* SegmentedControl.swift in Sources */ = {isa = PBXBuildFile; fileRef = A578096F2A3F112700B7AF6B /* SegmentedControl.swift */; };
		A57809732A3F21B800B7AF6B /* Dates.swift in Sources */ = {isa = PBXBuildFile; fileRef = A57809722A3F21B800B7AF6B /* Dates.swift */; };
		A5A7A5192A47849600368A17 /* GroupsModel.swift in Sources */ = {isa = PBXBuildFile; fileRef = A5A7A5182A47849600368A17 /* GroupsModel.swift */; };
		A5A7A51B2A478C4000368A17 /* GradesModel.swift in Sources */ = {isa = PBXBuildFile; fileRef = A5A7A51A2A478C4000368A17 /* GradesModel.swift */; };
		A5DD13F12A45F44E00B15C2E /* TransientStatus.swift in Sources */ = {isa = PBXBuildFile; fileRef = A5DD13F02A45F44E00B15C2E /* TransientStatus.swift */; };
		A5DD13F32A46491100B15C2E /* GradesView.swift in Sources */ = {isa = PBXBuildFile; fileRef = A5DD13F22A46491100B15C2E /* GradesView.swift */; };
		A5E3BDE22A403FE900755867 /* Localizable.strings in Resources */ = {isa = PBXBuildFile; fileRef = A5E3BDE42A403FE900755867 /* Localizable.strings */; };
		A5E3BDE72A40582B00755867 /* SettingsView.swift in Sources */ = {isa = PBXBuildFile; fileRef = A5E3BDE62A40582B00755867 /* SettingsView.swift */; };
/* End PBXBuildFile section */

/* Begin PBXCopyFilesBuildPhase section */
		A58D08232A40E6E900AD7A26 /* Embed Foundation Extensions */ = {
			isa = PBXCopyFilesBuildPhase;
			buildActionMask = 2147483647;
			dstPath = "";
			dstSubfolderSpec = 13;
			files = (
			);
			name = "Embed Foundation Extensions";
			runOnlyForDeploymentPostprocessing = 0;
		};
/* End PBXCopyFilesBuildPhase section */

/* Begin PBXFileReference section */
		A504A2FD2A4857FA002197BD /* TransientStatusNew.swift */ = {isa = PBXFileReference; lastKnownFileType = sourcecode.swift; path = TransientStatusNew.swift; sourceTree = "<group>"; };
		A5083B8F2A45C04600B3093E /* RaspisanNavigationView.swift */ = {isa = PBXFileReference; lastKnownFileType = sourcecode.swift; path = RaspisanNavigationView.swift; sourceTree = "<group>"; };
		A5083B912A45C14600B3093E /* LMSView.swift */ = {isa = PBXFileReference; lastKnownFileType = sourcecode.swift; path = LMSView.swift; sourceTree = "<group>"; };
		A54276862A4387A700EA537C /* RaspisanView.swift */ = {isa = PBXFileReference; lastKnownFileType = sourcecode.swift; path = RaspisanView.swift; sourceTree = "<group>"; };
		A551CBC12A40EAE8003FB8ED /* raspisansu.entitlements */ = {isa = PBXFileReference; lastKnownFileType = text.plist.entitlements; path = raspisansu.entitlements; sourceTree = "<group>"; };
		A551CBD82A40EE34003FB8ED /* widgetsExtension.entitlements */ = {isa = PBXFileReference; lastKnownFileType = text.plist.entitlements; path = widgetsExtension.entitlements; sourceTree = "<group>"; };
		A578094B2A3E4B9E00B7AF6B /* raspisansu.app */ = {isa = PBXFileReference; explicitFileType = wrapper.application; includeInIndex = 0; path = raspisansu.app; sourceTree = BUILT_PRODUCTS_DIR; };
		A578094E2A3E4B9E00B7AF6B /* raspisansuApp.swift */ = {isa = PBXFileReference; lastKnownFileType = sourcecode.swift; path = raspisansuApp.swift; sourceTree = "<group>"; };
		A57809502A3E4B9E00B7AF6B /* ContentView.swift */ = {isa = PBXFileReference; lastKnownFileType = sourcecode.swift; path = ContentView.swift; sourceTree = "<group>"; };
		A57809522A3E4BA000B7AF6B /* Assets.xcassets */ = {isa = PBXFileReference; lastKnownFileType = folder.assetcatalog; path = Assets.xcassets; sourceTree = "<group>"; };
		A57809552A3E4BA000B7AF6B /* Preview Assets.xcassets */ = {isa = PBXFileReference; lastKnownFileType = folder.assetcatalog; path = "Preview Assets.xcassets"; sourceTree = "<group>"; };
		A57809672A3E56D500B7AF6B /* SchedulesModel.swift */ = {isa = PBXFileReference; lastKnownFileType = sourcecode.swift; path = SchedulesModel.swift; sourceTree = "<group>"; };
		A578096A2A3E57F300B7AF6B /* DayView.swift */ = {isa = PBXFileReference; lastKnownFileType = sourcecode.swift; path = DayView.swift; sourceTree = "<group>"; };
		A578096C2A3E601200B7AF6B /* LessonView.swift */ = {isa = PBXFileReference; lastKnownFileType = sourcecode.swift; path = LessonView.swift; sourceTree = "<group>"; };
		A578096F2A3F112700B7AF6B /* SegmentedControl.swift */ = {isa = PBXFileReference; lastKnownFileType = sourcecode.swift; path = SegmentedControl.swift; sourceTree = "<group>"; };
		A57809722A3F21B800B7AF6B /* Dates.swift */ = {isa = PBXFileReference; lastKnownFileType = sourcecode.swift; path = Dates.swift; sourceTree = "<group>"; };
		A58D080D2A40E6E600AD7A26 /* WidgetKit.framework */ = {isa = PBXFileReference; lastKnownFileType = wrapper.framework; name = WidgetKit.framework; path = System/Library/Frameworks/WidgetKit.framework; sourceTree = SDKROOT; };
		A58D080F2A40E6E600AD7A26 /* SwiftUI.framework */ = {isa = PBXFileReference; lastKnownFileType = wrapper.framework; name = SwiftUI.framework; path = System/Library/Frameworks/SwiftUI.framework; sourceTree = SDKROOT; };
		A5A7A5182A47849600368A17 /* GroupsModel.swift */ = {isa = PBXFileReference; lastKnownFileType = sourcecode.swift; path = GroupsModel.swift; sourceTree = "<group>"; };
		A5A7A51A2A478C4000368A17 /* GradesModel.swift */ = {isa = PBXFileReference; lastKnownFileType = sourcecode.swift; path = GradesModel.swift; sourceTree = "<group>"; };
		A5DD13F02A45F44E00B15C2E /* TransientStatus.swift */ = {isa = PBXFileReference; lastKnownFileType = sourcecode.swift; path = TransientStatus.swift; sourceTree = "<group>"; };
		A5DD13F22A46491100B15C2E /* GradesView.swift */ = {isa = PBXFileReference; lastKnownFileType = sourcecode.swift; path = GradesView.swift; sourceTree = "<group>"; };
		A5E3BDE32A403FE900755867 /* en */ = {isa = PBXFileReference; lastKnownFileType = text.plist.strings; name = en; path = en.lproj/Localizable.strings; sourceTree = "<group>"; };
		A5E3BDE52A40401600755867 /* ru */ = {isa = PBXFileReference; lastKnownFileType = text.plist.strings; name = ru; path = ru.lproj/Localizable.strings; sourceTree = "<group>"; };
		A5E3BDE62A40582B00755867 /* SettingsView.swift */ = {isa = PBXFileReference; lastKnownFileType = sourcecode.swift; path = SettingsView.swift; sourceTree = "<group>"; };
/* End PBXFileReference section */

/* Begin PBXFrameworksBuildPhase section */
		A57809482A3E4B9E00B7AF6B /* Frameworks */ = {
			isa = PBXFrameworksBuildPhase;
			buildActionMask = 2147483647;
			files = (
			);
			runOnlyForDeploymentPostprocessing = 0;
		};
/* End PBXFrameworksBuildPhase section */

/* Begin PBXGroup section */
		A57809422A3E4B9E00B7AF6B = {
			isa = PBXGroup;
			children = (
				A551CBD82A40EE34003FB8ED /* widgetsExtension.entitlements */,
				A578094D2A3E4B9E00B7AF6B /* raspisansu */,
				A58D080C2A40E6E600AD7A26 /* Frameworks */,
				A578094C2A3E4B9E00B7AF6B /* Products */,
			);
			indentWidth = 2;
			sourceTree = "<group>";
			tabWidth = 2;
		};
		A578094C2A3E4B9E00B7AF6B /* Products */ = {
			isa = PBXGroup;
			children = (
				A578094B2A3E4B9E00B7AF6B /* raspisansu.app */,
			);
			name = Products;
			sourceTree = "<group>";
		};
		A578094D2A3E4B9E00B7AF6B /* raspisansu */ = {
			isa = PBXGroup;
			children = (
				A551CBC12A40EAE8003FB8ED /* raspisansu.entitlements */,
				A57809712A3F21AE00B7AF6B /* Extensions */,
				A578096E2A3F111400B7AF6B /* Supporting Views */,
				A57809692A3E576800B7AF6B /* Views */,
				A578094E2A3E4B9E00B7AF6B /* raspisansuApp.swift */,
				A57809522A3E4BA000B7AF6B /* Assets.xcassets */,
				A57809542A3E4BA000B7AF6B /* Preview Content */,
				A57809632A3E554000B7AF6B /* Model */,
				A5E3BDE42A403FE900755867 /* Localizable.strings */,
			);
			path = raspisansu;
			sourceTree = "<group>";
		};
		A57809542A3E4BA000B7AF6B /* Preview Content */ = {
			isa = PBXGroup;
			children = (
				A57809552A3E4BA000B7AF6B /* Preview Assets.xcassets */,
			);
			path = "Preview Content";
			sourceTree = "<group>";
		};
		A57809632A3E554000B7AF6B /* Model */ = {
			isa = PBXGroup;
			children = (
				A57809672A3E56D500B7AF6B /* SchedulesModel.swift */,
				A5A7A5182A47849600368A17 /* GroupsModel.swift */,
				A5A7A51A2A478C4000368A17 /* GradesModel.swift */,
			);
			path = Model;
			sourceTree = "<group>";
		};
		A57809692A3E576800B7AF6B /* Views */ = {
			isa = PBXGroup;
			children = (
				A57809502A3E4B9E00B7AF6B /* ContentView.swift */,
				A5E3BDE62A40582B00755867 /* SettingsView.swift */,
				A54276862A4387A700EA537C /* RaspisanView.swift */,
				A5083B8F2A45C04600B3093E /* RaspisanNavigationView.swift */,
				A5083B912A45C14600B3093E /* LMSView.swift */,
				A5DD13F22A46491100B15C2E /* GradesView.swift */,
			);
			path = Views;
			sourceTree = "<group>";
		};
		A578096E2A3F111400B7AF6B /* Supporting Views */ = {
			isa = PBXGroup;
			children = (
				A578096A2A3E57F300B7AF6B /* DayView.swift */,
				A578096C2A3E601200B7AF6B /* LessonView.swift */,
				A578096F2A3F112700B7AF6B /* SegmentedControl.swift */,
				A5DD13F02A45F44E00B15C2E /* TransientStatus.swift */,
				A504A2FD2A4857FA002197BD /* TransientStatusNew.swift */,
			);
			path = "Supporting Views";
			sourceTree = "<group>";
		};
		A57809712A3F21AE00B7AF6B /* Extensions */ = {
			isa = PBXGroup;
			children = (
				A57809722A3F21B800B7AF6B /* Dates.swift */,
			);
			path = Extensions;
			sourceTree = "<group>";
		};
		A58D080C2A40E6E600AD7A26 /* Frameworks */ = {
			isa = PBXGroup;
			children = (
				A58D080D2A40E6E600AD7A26 /* WidgetKit.framework */,
				A58D080F2A40E6E600AD7A26 /* SwiftUI.framework */,
			);
			name = Frameworks;
			sourceTree = "<group>";
		};
/* End PBXGroup section */

/* Begin PBXNativeTarget section */
		A578094A2A3E4B9E00B7AF6B /* raspisansu */ = {
			isa = PBXNativeTarget;
			buildConfigurationList = A57809592A3E4BA000B7AF6B /* Build configuration list for PBXNativeTarget "raspisansu" */;
			buildPhases = (
				A57809472A3E4B9E00B7AF6B /* Sources */,
				A57809482A3E4B9E00B7AF6B /* Frameworks */,
				A57809492A3E4B9E00B7AF6B /* Resources */,
				A58D08232A40E6E900AD7A26 /* Embed Foundation Extensions */,
			);
			buildRules = (
			);
			dependencies = (
			);
			name = raspisansu;
			packageProductDependencies = (
			);
			productName = raspisansu;
			productReference = A578094B2A3E4B9E00B7AF6B /* raspisansu.app */;
			productType = "com.apple.product-type.application";
		};
/* End PBXNativeTarget section */

/* Begin PBXProject section */
		A57809432A3E4B9E00B7AF6B /* Project object */ = {
			isa = PBXProject;
			attributes = {
				BuildIndependentTargetsInParallel = 1;
				LastSwiftUpdateCheck = 1500;
				LastUpgradeCheck = 1500;
				TargetAttributes = {
					A578094A2A3E4B9E00B7AF6B = {
						CreatedOnToolsVersion = 15.0;
					};
				};
			};
			buildConfigurationList = A57809462A3E4B9E00B7AF6B /* Build configuration list for PBXProject "raspisansu" */;
			compatibilityVersion = "Xcode 15.0";
			developmentRegion = en;
			hasScannedForEncodings = 0;
			knownRegions = (
				en,
				Base,
				ru,
			);
			mainGroup = A57809422A3E4B9E00B7AF6B;
			packageReferences = (
			);
			productRefGroup = A578094C2A3E4B9E00B7AF6B /* Products */;
			projectDirPath = "";
			projectRoot = "";
			targets = (
				A578094A2A3E4B9E00B7AF6B /* raspisansu */,
			);
		};
/* End PBXProject section */

/* Begin PBXResourcesBuildPhase section */
		A57809492A3E4B9E00B7AF6B /* Resources */ = {
			isa = PBXResourcesBuildPhase;
			buildActionMask = 2147483647;
			files = (
				A5E3BDE22A403FE900755867 /* Localizable.strings in Resources */,
				A57809562A3E4BA000B7AF6B /* Preview Assets.xcassets in Resources */,
				A57809532A3E4BA000B7AF6B /* Assets.xcassets in Resources */,
			);
			runOnlyForDeploymentPostprocessing = 0;
		};
/* End PBXResourcesBuildPhase section */

/* Begin PBXSourcesBuildPhase section */
		A57809472A3E4B9E00B7AF6B /* Sources */ = {
			isa = PBXSourcesBuildPhase;
			buildActionMask = 2147483647;
			files = (
				A578096D2A3E601200B7AF6B /* LessonView.swift in Sources */,
				A5DD13F12A45F44E00B15C2E /* TransientStatus.swift in Sources */,
				A5083B922A45C14600B3093E /* LMSView.swift in Sources */,
				A57809512A3E4B9E00B7AF6B /* ContentView.swift in Sources */,
				A57809732A3F21B800B7AF6B /* Dates.swift in Sources */,
				A54276872A4387A700EA537C /* RaspisanView.swift in Sources */,
				A578096B2A3E57F300B7AF6B /* DayView.swift in Sources */,
				A5A7A5192A47849600368A17 /* GroupsModel.swift in Sources */,
				A5A7A51B2A478C4000368A17 /* GradesModel.swift in Sources */,
				A504A2FE2A4857FA002197BD /* TransientStatusNew.swift in Sources */,
				A5E3BDE72A40582B00755867 /* SettingsView.swift in Sources */,
				A57809682A3E56D500B7AF6B /* SchedulesModel.swift in Sources */,
				A578094F2A3E4B9E00B7AF6B /* raspisansuApp.swift in Sources */,
				A57809702A3F112700B7AF6B /* SegmentedControl.swift in Sources */,
				A5083B902A45C04600B3093E /* RaspisanNavigationView.swift in Sources */,
				A5DD13F32A46491100B15C2E /* GradesView.swift in Sources */,
			);
			runOnlyForDeploymentPostprocessing = 0;
		};
/* End PBXSourcesBuildPhase section */

/* Begin PBXVariantGroup section */
		A5E3BDE42A403FE900755867 /* Localizable.strings */ = {
			isa = PBXVariantGroup;
			children = (
				A5E3BDE32A403FE900755867 /* en */,
				A5E3BDE52A40401600755867 /* ru */,
			);
			name = Localizable.strings;
			sourceTree = "<group>";
		};
/* End PBXVariantGroup section */

/* Begin XCBuildConfiguration section */
		A57809572A3E4BA000B7AF6B /* Debug */ = {
			isa = XCBuildConfiguration;
			buildSettings = {
				ALWAYS_SEARCH_USER_PATHS = NO;
				ASSETCATALOG_COMPILER_GENERATE_SWIFT_ASSET_SYMBOL_EXTENSIONS = YES;
				CLANG_ANALYZER_NONNULL = YES;
				CLANG_ANALYZER_NUMBER_OBJECT_CONVERSION = YES_AGGRESSIVE;
				CLANG_CXX_LANGUAGE_STANDARD = "gnu++20";
				CLANG_ENABLE_MODULES = YES;
				CLANG_ENABLE_OBJC_ARC = YES;
				CLANG_ENABLE_OBJC_WEAK = YES;
				CLANG_WARN_BLOCK_CAPTURE_AUTORELEASING = YES;
				CLANG_WARN_BOOL_CONVERSION = YES;
				CLANG_WARN_COMMA = YES;
				CLANG_WARN_CONSTANT_CONVERSION = YES;
				CLANG_WARN_DEPRECATED_OBJC_IMPLEMENTATIONS = YES;
				CLANG_WARN_DIRECT_OBJC_ISA_USAGE = YES_ERROR;
				CLANG_WARN_DOCUMENTATION_COMMENTS = YES;
				CLANG_WARN_EMPTY_BODY = YES;
				CLANG_WARN_ENUM_CONVERSION = YES;
				CLANG_WARN_INFINITE_RECURSION = YES;
				CLANG_WARN_INT_CONVERSION = YES;
				CLANG_WARN_NON_LITERAL_NULL_CONVERSION = YES;
				CLANG_WARN_OBJC_IMPLICIT_RETAIN_SELF = YES;
				CLANG_WARN_OBJC_LITERAL_CONVERSION = YES;
				CLANG_WARN_OBJC_ROOT_CLASS = YES_ERROR;
				CLANG_WARN_QUOTED_INCLUDE_IN_FRAMEWORK_HEADER = YES;
				CLANG_WARN_RANGE_LOOP_ANALYSIS = YES;
				CLANG_WARN_STRICT_PROTOTYPES = YES;
				CLANG_WARN_SUSPICIOUS_MOVE = YES;
				CLANG_WARN_UNGUARDED_AVAILABILITY = YES_AGGRESSIVE;
				CLANG_WARN_UNREACHABLE_CODE = YES;
				CLANG_WARN__DUPLICATE_METHOD_MATCH = YES;
				CODE_SIGN_IDENTITY = "Apple Development: grisha22@hotmail.com (FDK76TRFQW)";
				COPY_PHASE_STRIP = YES;
				DEBUG_INFORMATION_FORMAT = dwarf;
				DEVELOPMENT_TEAM = 89P49T5697;
				ENABLE_STRICT_OBJC_MSGSEND = YES;
				ENABLE_TESTABILITY = YES;
				ENABLE_USER_SCRIPT_SANDBOXING = YES;
				FRAMEWORK_SEARCH_PATHS = "$(SRCROOT)/**";
				GCC_C_LANGUAGE_STANDARD = gnu17;
				GCC_DYNAMIC_NO_PIC = NO;
				GCC_NO_COMMON_BLOCKS = YES;
				GCC_OPTIMIZATION_LEVEL = 0;
				GCC_PREPROCESSOR_DEFINITIONS = (
					"DEBUG=1",
					"$(inherited)",
				);
				GCC_WARN_64_TO_32_BIT_CONVERSION = YES;
				GCC_WARN_ABOUT_RETURN_TYPE = YES_ERROR;
				GCC_WARN_UNDECLARED_SELECTOR = YES;
				GCC_WARN_UNINITIALIZED_AUTOS = YES_AGGRESSIVE;
				GCC_WARN_UNUSED_FUNCTION = YES;
				GCC_WARN_UNUSED_VARIABLE = YES;
				IPHONEOS_DEPLOYMENT_TARGET = 17.0;
				LOCALIZATION_PREFERS_STRING_CATALOGS = YES;
				MTL_ENABLE_DEBUG_INFO = INCLUDE_SOURCE;
				MTL_FAST_MATH = YES;
				ONLY_ACTIVE_ARCH = YES;
				SDKROOT = iphoneos;
				SWIFT_ACTIVE_COMPILATION_CONDITIONS = "DEBUG $(inherited)";
				SWIFT_OPTIMIZATION_LEVEL = "-Onone";
			};
			name = Debug;
		};
		A57809582A3E4BA000B7AF6B /* Release */ = {
			isa = XCBuildConfiguration;
			buildSettings = {
				ALWAYS_SEARCH_USER_PATHS = NO;
				ASSETCATALOG_COMPILER_GENERATE_SWIFT_ASSET_SYMBOL_EXTENSIONS = YES;
				CLANG_ANALYZER_NONNULL = YES;
				CLANG_ANALYZER_NUMBER_OBJECT_CONVERSION = YES_AGGRESSIVE;
				CLANG_CXX_LANGUAGE_STANDARD = "gnu++20";
				CLANG_ENABLE_MODULES = YES;
				CLANG_ENABLE_OBJC_ARC = YES;
				CLANG_ENABLE_OBJC_WEAK = YES;
				CLANG_WARN_BLOCK_CAPTURE_AUTORELEASING = YES;
				CLANG_WARN_BOOL_CONVERSION = YES;
				CLANG_WARN_COMMA = YES;
				CLANG_WARN_CONSTANT_CONVERSION = YES;
				CLANG_WARN_DEPRECATED_OBJC_IMPLEMENTATIONS = YES;
				CLANG_WARN_DIRECT_OBJC_ISA_USAGE = YES_ERROR;
				CLANG_WARN_DOCUMENTATION_COMMENTS = YES;
				CLANG_WARN_EMPTY_BODY = YES;
				CLANG_WARN_ENUM_CONVERSION = YES;
				CLANG_WARN_INFINITE_RECURSION = YES;
				CLANG_WARN_INT_CONVERSION = YES;
				CLANG_WARN_NON_LITERAL_NULL_CONVERSION = YES;
				CLANG_WARN_OBJC_IMPLICIT_RETAIN_SELF = YES;
				CLANG_WARN_OBJC_LITERAL_CONVERSION = YES;
				CLANG_WARN_OBJC_ROOT_CLASS = YES_ERROR;
				CLANG_WARN_QUOTED_INCLUDE_IN_FRAMEWORK_HEADER = YES;
				CLANG_WARN_RANGE_LOOP_ANALYSIS = YES;
				CLANG_WARN_STRICT_PROTOTYPES = YES;
				CLANG_WARN_SUSPICIOUS_MOVE = YES;
				CLANG_WARN_UNGUARDED_AVAILABILITY = YES_AGGRESSIVE;
				CLANG_WARN_UNREACHABLE_CODE = YES;
				CLANG_WARN__DUPLICATE_METHOD_MATCH = YES;
				CODE_SIGN_IDENTITY = "Apple Development: grisha22@hotmail.com (FDK76TRFQW)";
				COPY_PHASE_STRIP = YES;
				DEBUG_INFORMATION_FORMAT = "dwarf-with-dsym";
				DEVELOPMENT_TEAM = 89P49T5697;
				ENABLE_NS_ASSERTIONS = NO;
				ENABLE_STRICT_OBJC_MSGSEND = YES;
				ENABLE_USER_SCRIPT_SANDBOXING = YES;
				FRAMEWORK_SEARCH_PATHS = "$(SRCROOT)/**";
				GCC_C_LANGUAGE_STANDARD = gnu17;
				GCC_NO_COMMON_BLOCKS = YES;
				GCC_WARN_64_TO_32_BIT_CONVERSION = YES;
				GCC_WARN_ABOUT_RETURN_TYPE = YES_ERROR;
				GCC_WARN_UNDECLARED_SELECTOR = YES;
				GCC_WARN_UNINITIALIZED_AUTOS = YES_AGGRESSIVE;
				GCC_WARN_UNUSED_FUNCTION = YES;
				GCC_WARN_UNUSED_VARIABLE = YES;
				IPHONEOS_DEPLOYMENT_TARGET = 17.0;
				LOCALIZATION_PREFERS_STRING_CATALOGS = YES;
				MTL_ENABLE_DEBUG_INFO = NO;
				MTL_FAST_MATH = YES;
				ONLY_ACTIVE_ARCH = YES;
				SDKROOT = iphoneos;
				SWIFT_COMPILATION_MODE = wholemodule;
				VALIDATE_PRODUCT = YES;
			};
			name = Release;
		};
		A578095A2A3E4BA000B7AF6B /* Debug */ = {
			isa = XCBuildConfiguration;
			buildSettings = {
				ALWAYS_EMBED_SWIFT_STANDARD_LIBRARIES = YES;
				ASSETCATALOG_COMPILER_APPICON_NAME = AppIcon;
				ASSETCATALOG_COMPILER_GLOBAL_ACCENT_COLOR_NAME = AccentColor;
				CODE_SIGN_ENTITLEMENTS = raspisansu/raspisansu.entitlements;
				CODE_SIGN_IDENTITY = "iPhone Developer";
				CODE_SIGN_STYLE = Automatic;
				CURRENT_PROJECT_VERSION = 1;
				DEVELOPMENT_ASSET_PATHS = "\"raspisansu/Preview Content\"";
				DEVELOPMENT_TEAM = 89P49T5697;
				ENABLE_PREVIEWS = YES;
				GENERATE_INFOPLIST_FILE = YES;
				INFOPLIST_KEY_CFBundleDisplayName = "Распа";
				INFOPLIST_KEY_LSApplicationCategoryType = "public.app-category.productivity";
				INFOPLIST_KEY_UIApplicationSceneManifest_Generation = YES;
				INFOPLIST_KEY_UIApplicationSupportsIndirectInputEvents = YES;
				INFOPLIST_KEY_UILaunchScreen_Generation = YES;
				INFOPLIST_KEY_UISupportedInterfaceOrientations_iPad = "UIInterfaceOrientationPortrait UIInterfaceOrientationPortraitUpsideDown UIInterfaceOrientationLandscapeLeft UIInterfaceOrientationLandscapeRight";
				INFOPLIST_KEY_UISupportedInterfaceOrientations_iPhone = "UIInterfaceOrientationPortrait UIInterfaceOrientationLandscapeLeft UIInterfaceOrientationLandscapeRight";
				IPHONEOS_DEPLOYMENT_TARGET = 17.0;
				LD_RUNPATH_SEARCH_PATHS = (
					"$(inherited)",
					"@executable_path/Frameworks",
				);
				MACOSX_DEPLOYMENT_TARGET = 14.0;
				MARKETING_VERSION = 1.0;
				PRODUCT_BUNDLE_IDENTIFIER = space.utme.raspisansu;
				PRODUCT_NAME = "$(TARGET_NAME)";
				PROVISIONING_PROFILE_SPECIFIER = "";
				SUPPORTED_PLATFORMS = "iphoneos iphonesimulator macosx";
				SUPPORTS_MACCATALYST = NO;
				SUPPORTS_MAC_DESIGNED_FOR_IPHONE_IPAD = NO;
				SUPPORTS_XR_DESIGNED_FOR_IPHONE_IPAD = NO;
				SWIFT_EMIT_LOC_STRINGS = YES;
				SWIFT_VERSION = 5.0;
				TARGETED_DEVICE_FAMILY = "1,2,6";
			};
			name = Debug;
		};
		A578095B2A3E4BA000B7AF6B /* Release */ = {
			isa = XCBuildConfiguration;
			buildSettings = {
				ALWAYS_EMBED_SWIFT_STANDARD_LIBRARIES = YES;
				ASSETCATALOG_COMPILER_APPICON_NAME = AppIcon;
				ASSETCATALOG_COMPILER_GLOBAL_ACCENT_COLOR_NAME = AccentColor;
				CODE_SIGN_ENTITLEMENTS = raspisansu/raspisansu.entitlements;
				CODE_SIGN_IDENTITY = "iPhone Developer";
				CODE_SIGN_STYLE = Automatic;
				CURRENT_PROJECT_VERSION = 1;
				DEVELOPMENT_ASSET_PATHS = "\"raspisansu/Preview Content\"";
				DEVELOPMENT_TEAM = 89P49T5697;
				ENABLE_PREVIEWS = YES;
				GENERATE_INFOPLIST_FILE = YES;
				INFOPLIST_KEY_CFBundleDisplayName = "Распа";
				INFOPLIST_KEY_LSApplicationCategoryType = "public.app-category.productivity";
				INFOPLIST_KEY_UIApplicationSceneManifest_Generation = YES;
				INFOPLIST_KEY_UIApplicationSupportsIndirectInputEvents = YES;
				INFOPLIST_KEY_UILaunchScreen_Generation = YES;
				INFOPLIST_KEY_UISupportedInterfaceOrientations_iPad = "UIInterfaceOrientationPortrait UIInterfaceOrientationPortraitUpsideDown UIInterfaceOrientationLandscapeLeft UIInterfaceOrientationLandscapeRight";
				INFOPLIST_KEY_UISupportedInterfaceOrientations_iPhone = "UIInterfaceOrientationPortrait UIInterfaceOrientationLandscapeLeft UIInterfaceOrientationLandscapeRight";
				IPHONEOS_DEPLOYMENT_TARGET = 17.0;
				LD_RUNPATH_SEARCH_PATHS = (
					"$(inherited)",
					"@executable_path/Frameworks",
				);
				MACOSX_DEPLOYMENT_TARGET = 14.0;
				MARKETING_VERSION = 1.0;
				PRODUCT_BUNDLE_IDENTIFIER = space.utme.raspisansu;
				PRODUCT_NAME = "$(TARGET_NAME)";
				PROVISIONING_PROFILE_SPECIFIER = "";
				SUPPORTED_PLATFORMS = "iphoneos iphonesimulator macosx";
				SUPPORTS_MACCATALYST = NO;
				SUPPORTS_MAC_DESIGNED_FOR_IPHONE_IPAD = NO;
				SUPPORTS_XR_DESIGNED_FOR_IPHONE_IPAD = NO;
				SWIFT_EMIT_LOC_STRINGS = YES;
				SWIFT_VERSION = 5.0;
				TARGETED_DEVICE_FAMILY = "1,2,6";
			};
			name = Release;
		};
/* End XCBuildConfiguration section */

/* Begin XCConfigurationList section */
		A57809462A3E4B9E00B7AF6B /* Build configuration list for PBXProject "raspisansu" */ = {
			isa = XCConfigurationList;
			buildConfigurations = (
				A57809572A3E4BA000B7AF6B /* Debug */,
				A57809582A3E4BA000B7AF6B /* Release */,
			);
			defaultConfigurationIsVisible = 0;
			defaultConfigurationName = Release;
		};
		A57809592A3E4BA000B7AF6B /* Build configuration list for PBXNativeTarget "raspisansu" */ = {
			isa = XCConfigurationList;
			buildConfigurations = (
				A578095A2A3E4BA000B7AF6B /* Debug */,
				A578095B2A3E4BA000B7AF6B /* Release */,
			);
			defaultConfigurationIsVisible = 0;
			defaultConfigurationName = Release;
		};
/* End XCConfigurationList section */
	};
	rootObject = A57809432A3E4B9E00B7AF6B /* Project object */;
}
